# This file is autogenerated, do not edit; changes may be undone by the next 'dep ensure'.


[[projects]]
  digest = "1:32fa3ff538ddd0b8312f56bcb15ef3340eee00891cd9c76464746b7cebcac210"
  name = "github.com/PuerkitoBio/goquery"
  packages = ["."]
  pruneopts = ""
  revision = "e1271ee34c6a305e38566ecd27ae374944907ee9"
  version = "v1.1.0"

[[projects]]
  branch = "master"
  digest = "1:d1851a48bd53ae20f39e2270e25fb1a41f46827112db1877c90a4e96e3469261"
  name = "github.com/Songmu/go-ltsv"
  packages = ["."]
  pruneopts = ""
  revision = "c30af2b7b171f5896188903b69f8afa4ef3e7daa"

[[projects]]
  digest = "1:e3726ad6f38f710e84c8dcd0e830014de6eaeea81f28d91ae898afecc078479a"
  name = "github.com/andybalholm/cascadia"
  packages = ["."]
  pruneopts = ""
  revision = "901648c87902174f774fac311d7f176f8647bdaa"
  version = "v1.0.0"

[[projects]]
  digest = "1:0deddd908b6b4b768cfc272c16ee61e7088a60f7fe2f06c547bd3d8e1f8b8e77"
  name = "github.com/davecgh/go-spew"
  packages = ["spew"]
  pruneopts = ""
  revision = "8991bc29aa16c548c550c7ff78260e27b9ab7c73"
  version = "v1.1.1"

[[projects]]
  digest = "1:3cc6cc81e607288ff63cc34b8b8f5f57a0f47e5bc554b86e31bf723612121763"
  name = "github.com/go-chi/chi"
  packages = ["."]
  pruneopts = ""
  revision = "b5294d10673813fac8558e7f47242bc9e61b4c25"
  version = "v3.3.3"

[[projects]]
  digest = "1:a0278c8ba54deef02d6f2115703bc2bf87244972f7d17591986b88c3c1813c04"
  name = "github.com/google/go-cloud"
  packages = ["wire"]
  pruneopts = ""
  revision = "573424055b8e657474e034cdb3a8d5f9210010b7"
  version = "v0.4.0"

[[projects]]
  branch = "master"
  digest = "1:1e9ca50ef3425afdb2fd2041606e5d5869d8f5d497742b1b63d9553be852478d"
  name = "github.com/lestrrat/go-server-starter"
  packages = ["listener"]
  pruneopts = ""
  revision = "6ac0b358431b798d3db8933ef547464e4ce74d9d"

[[projects]]
  digest = "1:7365acd48986e205ccb8652cc746f09c8b7876030d53710ea6ef7d0bd0dcd7ca"
  name = "github.com/pkg/errors"
  packages = ["."]
  pruneopts = ""
  revision = "645ef00459ed84a119197bfb8d8205042c6df63d"
  version = "v0.8.0"

[[projects]]
  digest = "1:256484dbbcd271f9ecebc6795b2df8cad4c458dd0f5fd82a8c2fa0c29f233411"
  name = "github.com/pmezard/go-difflib"
  packages = ["difflib"]
  pruneopts = ""
  revision = "792786c7400a136282c1664665ae0a8db921c6c2"
  version = "v1.0.0"

[[projects]]
  digest = "1:3926a4ec9a4ff1a072458451aa2d9b98acd059a45b38f7335d31e06c3d6a0159"
  name = "github.com/stretchr/testify"
  packages = ["assert"]
  pruneopts = ""
  revision = "69483b4bd14f5845b5a1e55bca19e954e827f1d0"
  version = "v1.1.4"

[[projects]]
  digest = "1:e85837cb04b78f61688c6eba93ea9d14f60d611e2aaf8319999b1a60d2dafbfa"
  name = "github.com/urfave/cli"
  packages = ["."]
  pruneopts = ""
  revision = "cfb38830724cc34fedffe9a2a29fb54fa9169cd1"
  version = "v1.20.0"

[[projects]]
  branch = "master"
  digest = "1:b001b57f383ecbebb54c3916ca6b8be129a6486d3dbf2dfc722cbb0a0b2a8679"
  name = "golang.org/x/net"
  packages = [
    "html",
    "html/atom",
  ]
  pruneopts = ""
  revision = "9b4f9f5ad5197c79fd623a3638e70d8b26cef344"

[[projects]]
  digest = "1:5acd3512b047305d49e8763eef7ba423901e85d5dd2fd1e71778a0ea8de10bd4"
  name = "golang.org/x/text"
  packages = [
    "encoding",
    "encoding/internal",
    "encoding/internal/identifier",
    "encoding/japanese",
    "internal/gen",
    "internal/triegen",
    "internal/ucd",
    "transform",
    "unicode/cldr",
    "unicode/norm",
    "width",
  ]
  pruneopts = ""
  revision = "f21a4dfb5e38f5895301dc265a8def02365cc3d0"
  version = "v0.3.0"

[solve-meta]
  analyzer-name = "dep"
  analyzer-version = 1
  input-imports = [
    "github.com/PuerkitoBio/goquery",
    "github.com/Songmu/go-ltsv",
    "github.com/go-chi/chi",
    "github.com/google/go-cloud/wire",
    "github.com/lestrrat/go-server-starter/listener",
    "github.com/pkg/errors",
    "github.com/stretchr/testify/assert",
    "github.com/urfave/cli",
    "golang.org/x/text/encoding/japanese",
    "golang.org/x/text/transform",
    "golang.org/x/text/unicode/norm",
    "golang.org/x/text/width",
  ]
  solver-name = "gps-cdcl"
  solver-version = 1
